
Microsoft Visual Studio Solution File, Format Version 12.00
# Visual Studio 14
VisualStudioVersion = 14.0.25420.1
MinimumVisualStudioVersion = 10.0.40219.1
Project("{FAE04EC0-301F-11D3-BF4B-00C04F79EFBC}") = "ProjetoIntegrado.Model", "ProjetoIntegrado.Model\ProjetoIntegrado.Model.csproj", "{0FEFE5BF-CEBE-4184-8EDD-6DD4F4AD329D}"
EndProject
Project("{FAE04EC0-301F-11D3-BF4B-00C04F79EFBC}") = "ProjetoIntegrado.ViewUtil", "ProjetoIntegrado.ViewUtil\ProjetoIntegrado.ViewUtil.csproj", "{D29FCCE5-4559-453B-B495-7324407334E2}"
EndProject
Project("{FAE04EC0-301F-11D3-BF4B-00C04F79EFBC}") = "ProjetoIntegrado.View", "ProjetoIntegrado.View\ProjetoIntegrado.View.csproj", "{CAB1BDF2-8C01-4D6B-9BEF-B18874944ECA}"
EndProject
Project("{FAE04EC0-301F-11D3-BF4B-00C04F79EFBC}") = "ProjetoIntegrado.BaseDeDados", "ProjetoIntegrado.BaseDeDados\ProjetoIntegrado.BaseDeDados.csproj", "{E40CF0A3-E406-437C-ADA7-240C8B43620C}"
EndProject
Project("{FAE04EC0-301F-11D3-BF4B-00C04F79EFBC}") = "ProjetoIntegrado.Funcoes", "ProjetoIntegrado.Funcoes\ProjetoIntegrado.Funcoes.csproj", "{92FC1146-FE7C-4D4C-B1BD-91DC7B4B59DB}"
EndProject
Project("{FAE04EC0-301F-11D3-BF4B-00C04F79EFBC}") = "ProjetoIntegrado.Mensagens", "ProjetoIntegrado.Mensagens\ProjetoIntegrado.Mensagens.csproj", "{B36852E5-AF57-4B3D-8CBF-83221C187DAB}"
EndProject
Global
	GlobalSection(SolutionConfigurationPlatforms) = preSolution
		Ad-Hoc|Any CPU = Ad-Hoc|Any CPU
		Ad-Hoc|iPhone = Ad-Hoc|iPhone
		Ad-Hoc|iPhoneSimulator = Ad-Hoc|iPhoneSimulator
		AppStore|Any CPU = AppStore|Any CPU
		AppStore|iPhone = AppStore|iPhone
		AppStore|iPhoneSimulator = AppStore|iPhoneSimulator
		Debug|Any CPU = Debug|Any CPU
		Debug|iPhone = Debug|iPhone
		Debug|iPhoneSimulator = Debug|iPhoneSimulator
		Release|Any CPU = Release|Any CPU
		Release|iPhone = Release|iPhone
		Release|iPhoneSimulator = Release|iPhoneSimulator
	EndGlobalSection
	GlobalSection(ProjectConfigurationPlatforms) = postSolution
		{0FEFE5BF-CEBE-4184-8EDD-6DD4F4AD329D}.Ad-Hoc|Any CPU.ActiveCfg = Release|Any CPU
		{0FEFE5BF-CEBE-4184-8EDD-6DD4F4AD329D}.Ad-Hoc|Any CPU.Build.0 = Release|Any CPU
		{0FEFE5BF-CEBE-4184-8EDD-6DD4F4AD329D}.Ad-Hoc|iPhone.ActiveCfg = Release|Any CPU
		{0FEFE5BF-CEBE-4184-8EDD-6DD4F4AD329D}.Ad-Hoc|iPhone.Build.0 = Release|Any CPU
		{0FEFE5BF-CEBE-4184-8EDD-6DD4F4AD329D}.Ad-Hoc|iPhoneSimulator.ActiveCfg = Release|Any CPU
		{0FEFE5BF-CEBE-4184-8EDD-6DD4F4AD329D}.Ad-Hoc|iPhoneSimulator.Build.0 = Release|Any CPU
		{0FEFE5BF-CEBE-4184-8EDD-6DD4F4AD329D}.AppStore|Any CPU.ActiveCfg = Release|Any CPU
		{0FEFE5BF-CEBE-4184-8EDD-6DD4F4AD329D}.AppStore|Any CPU.Build.0 = Release|Any CPU
		{0FEFE5BF-CEBE-4184-8EDD-6DD4F4AD329D}.AppStore|iPhone.ActiveCfg = Release|Any CPU
		{0FEFE5BF-CEBE-4184-8EDD-6DD4F4AD329D}.AppStore|iPhone.Build.0 = Release|Any CPU
		{0FEFE5BF-CEBE-4184-8EDD-6DD4F4AD329D}.AppStore|iPhoneSimulator.ActiveCfg = Release|Any CPU
		{0FEFE5BF-CEBE-4184-8EDD-6DD4F4AD329D}.AppStore|iPhoneSimulator.Build.0 = Release|Any CPU
		{0FEFE5BF-CEBE-4184-8EDD-6DD4F4AD329D}.Debug|Any CPU.ActiveCfg = Debug|Any CPU
		{0FEFE5BF-CEBE-4184-8EDD-6DD4F4AD329D}.Debug|Any CPU.Build.0 = Debug|Any CPU
		{0FEFE5BF-CEBE-4184-8EDD-6DD4F4AD329D}.Debug|iPhone.ActiveCfg = Debug|Any CPU
		{0FEFE5BF-CEBE-4184-8EDD-6DD4F4AD329D}.Debug|iPhone.Build.0 = Debug|Any CPU
		{0FEFE5BF-CEBE-4184-8EDD-6DD4F4AD329D}.Debug|iPhoneSimulator.ActiveCfg = Debug|Any CPU
		{0FEFE5BF-CEBE-4184-8EDD-6DD4F4AD329D}.Debug|iPhoneSimulator.Build.0 = Debug|Any CPU
		{0FEFE5BF-CEBE-4184-8EDD-6DD4F4AD329D}.Release|Any CPU.ActiveCfg = Release|Any CPU
		{0FEFE5BF-CEBE-4184-8EDD-6DD4F4AD329D}.Release|Any CPU.Build.0 = Release|Any CPU
		{0FEFE5BF-CEBE-4184-8EDD-6DD4F4AD329D}.Release|iPhone.ActiveCfg = Release|Any CPU
		{0FEFE5BF-CEBE-4184-8EDD-6DD4F4AD329D}.Release|iPhone.Build.0 = Release|Any CPU
		{0FEFE5BF-CEBE-4184-8EDD-6DD4F4AD329D}.Release|iPhoneSimulator.ActiveCfg = Release|Any CPU
		{0FEFE5BF-CEBE-4184-8EDD-6DD4F4AD329D}.Release|iPhoneSimulator.Build.0 = Release|Any CPU
		{D29FCCE5-4559-453B-B495-7324407334E2}.Ad-Hoc|Any CPU.ActiveCfg = Release|Any CPU
		{D29FCCE5-4559-453B-B495-7324407334E2}.Ad-Hoc|Any CPU.Build.0 = Release|Any CPU
		{D29FCCE5-4559-453B-B495-7324407334E2}.Ad-Hoc|iPhone.ActiveCfg = Release|Any CPU
		{D29FCCE5-4559-453B-B495-7324407334E2}.Ad-Hoc|iPhone.Build.0 = Release|Any CPU
		{D29FCCE5-4559-453B-B495-7324407334E2}.Ad-Hoc|iPhoneSimulator.ActiveCfg = Release|Any CPU
		{D29FCCE5-4559-453B-B495-7324407334E2}.Ad-Hoc|iPhoneSimulator.Build.0 = Release|Any CPU
		{D29FCCE5-4559-453B-B495-7324407334E2}.AppStore|Any CPU.ActiveCfg = Release|Any CPU
		{D29FCCE5-4559-453B-B495-7324407334E2}.AppStore|Any CPU.Build.0 = Release|Any CPU
		{D29FCCE5-4559-453B-B495-7324407334E2}.AppStore|iPhone.ActiveCfg = Release|Any CPU
		{D29FCCE5-4559-453B-B495-7324407334E2}.AppStore|iPhone.Build.0 = Release|Any CPU
		{D29FCCE5-4559-453B-B495-7324407334E2}.AppStore|iPhoneSimulator.ActiveCfg = Release|Any CPU
		{D29FCCE5-4559-453B-B495-7324407334E2}.AppStore|iPhoneSimulator.Build.0 = Release|Any CPU
		{D29FCCE5-4559-453B-B495-7324407334E2}.Debug|Any CPU.ActiveCfg = Debug|Any CPU
		{D29FCCE5-4559-453B-B495-7324407334E2}.Debug|Any CPU.Build.0 = Debug|Any CPU
		{D29FCCE5-4559-453B-B495-7324407334E2}.Debug|iPhone.ActiveCfg = Debug|Any CPU
		{D29FCCE5-4559-453B-B495-7324407334E2}.Debug|iPhone.Build.0 = Debug|Any CPU
		{D29FCCE5-4559-453B-B495-7324407334E2}.Debug|iPhoneSimulator.ActiveCfg = Debug|Any CPU
		{D29FCCE5-4559-453B-B495-7324407334E2}.Debug|iPhoneSimulator.Build.0 = Debug|Any CPU
		{D29FCCE5-4559-453B-B495-7324407334E2}.Release|Any CPU.ActiveCfg = Release|Any CPU
		{D29FCCE5-4559-453B-B495-7324407334E2}.Release|Any CPU.Build.0 = Release|Any CPU
		{D29FCCE5-4559-453B-B495-7324407334E2}.Release|iPhone.ActiveCfg = Release|Any CPU
		{D29FCCE5-4559-453B-B495-7324407334E2}.Release|iPhone.Build.0 = Release|Any CPU
		{D29FCCE5-4559-453B-B495-7324407334E2}.Release|iPhoneSimulator.ActiveCfg = Release|Any CPU
		{D29FCCE5-4559-453B-B495-7324407334E2}.Release|iPhoneSimulator.Build.0 = Release|Any CPU
		{CAB1BDF2-8C01-4D6B-9BEF-B18874944ECA}.Ad-Hoc|Any CPU.ActiveCfg = Release|Any CPU
		{CAB1BDF2-8C01-4D6B-9BEF-B18874944ECA}.Ad-Hoc|Any CPU.Build.0 = Release|Any CPU
		{CAB1BDF2-8C01-4D6B-9BEF-B18874944ECA}.Ad-Hoc|iPhone.ActiveCfg = Release|Any CPU
		{CAB1BDF2-8C01-4D6B-9BEF-B18874944ECA}.Ad-Hoc|iPhone.Build.0 = Release|Any CPU
		{CAB1BDF2-8C01-4D6B-9BEF-B18874944ECA}.Ad-Hoc|iPhoneSimulator.ActiveCfg = Release|Any CPU
		{CAB1BDF2-8C01-4D6B-9BEF-B18874944ECA}.Ad-Hoc|iPhoneSimulator.Build.0 = Release|Any CPU
		{CAB1BDF2-8C01-4D6B-9BEF-B18874944ECA}.AppStore|Any CPU.ActiveCfg = Release|Any CPU
		{CAB1BDF2-8C01-4D6B-9BEF-B18874944ECA}.AppStore|Any CPU.Build.0 = Release|Any CPU
		{CAB1BDF2-8C01-4D6B-9BEF-B18874944ECA}.AppStore|iPhone.ActiveCfg = Release|Any CPU
		{CAB1BDF2-8C01-4D6B-9BEF-B18874944ECA}.AppStore|iPhone.Build.0 = Release|Any CPU
		{CAB1BDF2-8C01-4D6B-9BEF-B18874944ECA}.AppStore|iPhoneSimulator.ActiveCfg = Release|Any CPU
		{CAB1BDF2-8C01-4D6B-9BEF-B18874944ECA}.AppStore|iPhoneSimulator.Build.0 = Release|Any CPU
		{CAB1BDF2-8C01-4D6B-9BEF-B18874944ECA}.Debug|Any CPU.ActiveCfg = Debug|Any CPU
		{CAB1BDF2-8C01-4D6B-9BEF-B18874944ECA}.Debug|Any CPU.Build.0 = Debug|Any CPU
		{CAB1BDF2-8C01-4D6B-9BEF-B18874944ECA}.Debug|iPhone.ActiveCfg = Debug|Any CPU
		{CAB1BDF2-8C01-4D6B-9BEF-B18874944ECA}.Debug|iPhone.Build.0 = Debug|Any CPU
		{CAB1BDF2-8C01-4D6B-9BEF-B18874944ECA}.Debug|iPhoneSimulator.ActiveCfg = Debug|Any CPU
		{CAB1BDF2-8C01-4D6B-9BEF-B18874944ECA}.Debug|iPhoneSimulator.Build.0 = Debug|Any CPU
		{CAB1BDF2-8C01-4D6B-9BEF-B18874944ECA}.Release|Any CPU.ActiveCfg = Release|Any CPU
		{CAB1BDF2-8C01-4D6B-9BEF-B18874944ECA}.Release|Any CPU.Build.0 = Release|Any CPU
		{CAB1BDF2-8C01-4D6B-9BEF-B18874944ECA}.Release|iPhone.ActiveCfg = Release|Any CPU
		{CAB1BDF2-8C01-4D6B-9BEF-B18874944ECA}.Release|iPhone.Build.0 = Release|Any CPU
		{CAB1BDF2-8C01-4D6B-9BEF-B18874944ECA}.Release|iPhoneSimulator.ActiveCfg = Release|Any CPU
		{CAB1BDF2-8C01-4D6B-9BEF-B18874944ECA}.Release|iPhoneSimulator.Build.0 = Release|Any CPU
		{E40CF0A3-E406-437C-ADA7-240C8B43620C}.Ad-Hoc|Any CPU.ActiveCfg = Release|Any CPU
		{E40CF0A3-E406-437C-ADA7-240C8B43620C}.Ad-Hoc|Any CPU.Build.0 = Release|Any CPU
		{E40CF0A3-E406-437C-ADA7-240C8B43620C}.Ad-Hoc|iPhone.ActiveCfg = Release|Any CPU
		{E40CF0A3-E406-437C-ADA7-240C8B43620C}.Ad-Hoc|iPhone.Build.0 = Release|Any CPU
		{E40CF0A3-E406-437C-ADA7-240C8B43620C}.Ad-Hoc|iPhoneSimulator.ActiveCfg = Release|Any CPU
		{E40CF0A3-E406-437C-ADA7-240C8B43620C}.Ad-Hoc|iPhoneSimulator.Build.0 = Release|Any CPU
		{E40CF0A3-E406-437C-ADA7-240C8B43620C}.AppStore|Any CPU.ActiveCfg = Release|Any CPU
		{E40CF0A3-E406-437C-ADA7-240C8B43620C}.AppStore|Any CPU.Build.0 = Release|Any CPU
		{E40CF0A3-E406-437C-ADA7-240C8B43620C}.AppStore|iPhone.ActiveCfg = Release|Any CPU
		{E40CF0A3-E406-437C-ADA7-240C8B43620C}.AppStore|iPhone.Build.0 = Release|Any CPU
		{E40CF0A3-E406-437C-ADA7-240C8B43620C}.AppStore|iPhoneSimulator.ActiveCfg = Release|Any CPU
		{E40CF0A3-E406-437C-ADA7-240C8B43620C}.AppStore|iPhoneSimulator.Build.0 = Release|Any CPU
		{E40CF0A3-E406-437C-ADA7-240C8B43620C}.Debug|Any CPU.ActiveCfg = Debug|Any CPU
		{E40CF0A3-E406-437C-ADA7-240C8B43620C}.Debug|Any CPU.Build.0 = Debug|Any CPU
		{E40CF0A3-E406-437C-ADA7-240C8B43620C}.Debug|iPhone.ActiveCfg = Debug|Any CPU
		{E40CF0A3-E406-437C-ADA7-240C8B43620C}.Debug|iPhone.Build.0 = Debug|Any CPU
		{E40CF0A3-E406-437C-ADA7-240C8B43620C}.Debug|iPhoneSimulator.ActiveCfg = Debug|Any CPU
		{E40CF0A3-E406-437C-ADA7-240C8B43620C}.Debug|iPhoneSimulator.Build.0 = Debug|Any CPU
		{E40CF0A3-E406-437C-ADA7-240C8B43620C}.Release|Any CPU.ActiveCfg = Release|Any CPU
		{E40CF0A3-E406-437C-ADA7-240C8B43620C}.Release|Any CPU.Build.0 = Release|Any CPU
		{E40CF0A3-E406-437C-ADA7-240C8B43620C}.Release|iPhone.ActiveCfg = Release|Any CPU
		{E40CF0A3-E406-437C-ADA7-240C8B43620C}.Release|iPhone.Build.0 = Release|Any CPU
		{E40CF0A3-E406-437C-ADA7-240C8B43620C}.Release|iPhoneSimulator.ActiveCfg = Release|Any CPU
		{E40CF0A3-E406-437C-ADA7-240C8B43620C}.Release|iPhoneSimulator.Build.0 = Release|Any CPU
		{92FC1146-FE7C-4D4C-B1BD-91DC7B4B59DB}.Ad-Hoc|Any CPU.ActiveCfg = Release|Any CPU
		{92FC1146-FE7C-4D4C-B1BD-91DC7B4B59DB}.Ad-Hoc|Any CPU.Build.0 = Release|Any CPU
		{92FC1146-FE7C-4D4C-B1BD-91DC7B4B59DB}.Ad-Hoc|iPhone.ActiveCfg = Release|Any CPU
		{92FC1146-FE7C-4D4C-B1BD-91DC7B4B59DB}.Ad-Hoc|iPhone.Build.0 = Release|Any CPU
		{92FC1146-FE7C-4D4C-B1BD-91DC7B4B59DB}.Ad-Hoc|iPhoneSimulator.ActiveCfg = Release|Any CPU
		{92FC1146-FE7C-4D4C-B1BD-91DC7B4B59DB}.Ad-Hoc|iPhoneSimulator.Build.0 = Release|Any CPU
		{92FC1146-FE7C-4D4C-B1BD-91DC7B4B59DB}.AppStore|Any CPU.ActiveCfg = Release|Any CPU
		{92FC1146-FE7C-4D4C-B1BD-91DC7B4B59DB}.AppStore|Any CPU.Build.0 = Release|Any CPU
		{92FC1146-FE7C-4D4C-B1BD-91DC7B4B59DB}.AppStore|iPhone.ActiveCfg = Release|Any CPU
		{92FC1146-FE7C-4D4C-B1BD-91DC7B4B59DB}.AppStore|iPhone.Build.0 = Release|Any CPU
		{92FC1146-FE7C-4D4C-B1BD-91DC7B4B59DB}.AppStore|iPhoneSimulator.ActiveCfg = Release|Any CPU
		{92FC1146-FE7C-4D4C-B1BD-91DC7B4B59DB}.AppStore|iPhoneSimulator.Build.0 = Release|Any CPU
		{92FC1146-FE7C-4D4C-B1BD-91DC7B4B59DB}.Debug|Any CPU.ActiveCfg = Debug|Any CPU
		{92FC1146-FE7C-4D4C-B1BD-91DC7B4B59DB}.Debug|Any CPU.Build.0 = Debug|Any CPU
		{92FC1146-FE7C-4D4C-B1BD-91DC7B4B59DB}.Debug|iPhone.ActiveCfg = Debug|Any CPU
		{92FC1146-FE7C-4D4C-B1BD-91DC7B4B59DB}.Debug|iPhone.Build.0 = Debug|Any CPU
		{92FC1146-FE7C-4D4C-B1BD-91DC7B4B59DB}.Debug|iPhoneSimulator.ActiveCfg = Debug|Any CPU
		{92FC1146-FE7C-4D4C-B1BD-91DC7B4B59DB}.Debug|iPhoneSimulator.Build.0 = Debug|Any CPU
		{92FC1146-FE7C-4D4C-B1BD-91DC7B4B59DB}.Release|Any CPU.ActiveCfg = Release|Any CPU
		{92FC1146-FE7C-4D4C-B1BD-91DC7B4B59DB}.Release|Any CPU.Build.0 = Release|Any CPU
		{92FC1146-FE7C-4D4C-B1BD-91DC7B4B59DB}.Release|iPhone.ActiveCfg = Release|Any CPU
		{92FC1146-FE7C-4D4C-B1BD-91DC7B4B59DB}.Release|iPhone.Build.0 = Release|Any CPU
		{92FC1146-FE7C-4D4C-B1BD-91DC7B4B59DB}.Release|iPhoneSimulator.ActiveCfg = Release|Any CPU
		{92FC1146-FE7C-4D4C-B1BD-91DC7B4B59DB}.Release|iPhoneSimulator.Build.0 = Release|Any CPU
		{B36852E5-AF57-4B3D-8CBF-83221C187DAB}.Ad-Hoc|Any CPU.ActiveCfg = Release|Any CPU
		{B36852E5-AF57-4B3D-8CBF-83221C187DAB}.Ad-Hoc|Any CPU.Build.0 = Release|Any CPU
		{B36852E5-AF57-4B3D-8CBF-83221C187DAB}.Ad-Hoc|iPhone.ActiveCfg = Release|Any CPU
		{B36852E5-AF57-4B3D-8CBF-83221C187DAB}.Ad-Hoc|iPhone.Build.0 = Release|Any CPU
		{B36852E5-AF57-4B3D-8CBF-83221C187DAB}.Ad-Hoc|iPhoneSimulator.ActiveCfg = Release|Any CPU
		{B36852E5-AF57-4B3D-8CBF-83221C187DAB}.Ad-Hoc|iPhoneSimulator.Build.0 = Release|Any CPU
		{B36852E5-AF57-4B3D-8CBF-83221C187DAB}.AppStore|Any CPU.ActiveCfg = Release|Any CPU
		{B36852E5-AF57-4B3D-8CBF-83221C187DAB}.AppStore|Any CPU.Build.0 = Release|Any CPU
		{B36852E5-AF57-4B3D-8CBF-83221C187DAB}.AppStore|iPhone.ActiveCfg = Release|Any CPU
		{B36852E5-AF57-4B3D-8CBF-83221C187DAB}.AppStore|iPhone.Build.0 = Release|Any CPU
		{B36852E5-AF57-4B3D-8CBF-83221C187DAB}.AppStore|iPhoneSimulator.ActiveCfg = Release|Any CPU
		{B36852E5-AF57-4B3D-8CBF-83221C187DAB}.AppStore|iPhoneSimulator.Build.0 = Release|Any CPU
		{B36852E5-AF57-4B3D-8CBF-83221C187DAB}.Debug|Any CPU.ActiveCfg = Debug|Any CPU
		{B36852E5-AF57-4B3D-8CBF-83221C187DAB}.Debug|Any CPU.Build.0 = Debug|Any CPU
		{B36852E5-AF57-4B3D-8CBF-83221C187DAB}.Debug|iPhone.ActiveCfg = Debug|Any CPU
		{B36852E5-AF57-4B3D-8CBF-83221C187DAB}.Debug|iPhone.Build.0 = Debug|Any CPU
		{B36852E5-AF57-4B3D-8CBF-83221C187DAB}.Debug|iPhoneSimulator.ActiveCfg = Debug|Any CPU
		{B36852E5-AF57-4B3D-8CBF-83221C187DAB}.Debug|iPhoneSimulator.Build.0 = Debug|Any CPU
		{B36852E5-AF57-4B3D-8CBF-83221C187DAB}.Release|Any CPU.ActiveCfg = Release|Any CPU
		{B36852E5-AF57-4B3D-8CBF-83221C187DAB}.Release|Any CPU.Build.0 = Release|Any CPU
		{B36852E5-AF57-4B3D-8CBF-83221C187DAB}.Release|iPhone.ActiveCfg = Release|Any CPU
		{B36852E5-AF57-4B3D-8CBF-83221C187DAB}.Release|iPhone.Build.0 = Release|Any CPU
		{B36852E5-AF57-4B3D-8CBF-83221C187DAB}.Release|iPhoneSimulator.ActiveCfg = Release|Any CPU
		{B36852E5-AF57-4B3D-8CBF-83221C187DAB}.Release|iPhoneSimulator.Build.0 = Release|Any CPU
	EndGlobalSection
	GlobalSection(SolutionProperties) = preSolution
		HideSolutionNode = FALSE
	EndGlobalSection
EndGlobal
